
Microsoft Visual Studio Solution File, Format Version 12.00
# Visual Studio Version 16
VisualStudioVersion = 16.0.30907.101
MinimumVisualStudioVersion = 10.0.40219.1
Project("{FAE04EC0-301F-11D3-BF4B-00C04F79EFBC}") = "GoofTroopEditor", "GoofED\GoofTroopEditor.csproj", "{458F8675-3BAA-4CA0-8B57-5580FC39BD4A}"
EndProject
Global
	GlobalSection(SolutionConfigurationPlatforms) = preSolution
		Debug|Any CPU = Debug|Any CPU
		Release|Any CPU = Release|Any CPU
	EndGlobalSection
	GlobalSection(ProjectConfigurationPlatforms) = postSolution
		{458F8675-3BAA-4CA0-8B57-5580FC39BD4A}.Debug|Any CPU.ActiveCfg = Debug|Any CPU
		{458F8675-3BAA-4CA0-8B57-5580FC39BD4A}.Debug|Any CPU.Build.0 = Debug|Any CPU
		{458F8675-3BAA-4CA0-8B57-5580FC39BD4A}.Release|Any CPU.ActiveCfg = Release|Any CPU
		{458F8675-3BAA-4CA0-8B57-5580FC39BD4A}.Release|Any CPU.Build.0 = Release|Any CPU
	EndGlobalSection
	GlobalSection(SolutionProperties) = preSolution
		HideSolutionNode = FALSE
	EndGlobalSection
	GlobalSection(ExtensibilityGlobals) = postSolution
		SolutionGuid = {7FA8B020-2B53-4C81-BB4B-08A9DC4025F2}
	EndGlobalSection
EndGlobal
